// !$*UTF8*$!
{
	archiveVersion = 1;
	classes = {
	};
	objectVersion = 56;
	objects = {

/* Begin PBXBuildFile section */
		025244A129C4827800BA7153 /* SlotAction.swift in Sources */ = {isa = PBXBuildFile; fileRef = 0252449229C4827800BA7153 /* SlotAction.swift */; };
		025244A229C4827800BA7153 /* BufferCondition.swift in Sources */ = {isa = PBXBuildFile; fileRef = 0252449329C4827800BA7153 /* BufferCondition.swift */; };
		025244A329C4827800BA7153 /* Model.swift in Sources */ = {isa = PBXBuildFile; fileRef = 0252449429C4827800BA7153 /* Model.swift */; };
		025244A429C4827800BA7153 /* Procedural.swift in Sources */ = {isa = PBXBuildFile; fileRef = 0252449529C4827800BA7153 /* Procedural.swift */; };
		025244A529C4827800BA7153 /* Instantiation.swift in Sources */ = {isa = PBXBuildFile; fileRef = 0252449629C4827800BA7153 /* Instantiation.swift */; };
		025244A629C4827800BA7153 /* Temporal.swift in Sources */ = {isa = PBXBuildFile; fileRef = 0252449729C4827800BA7153 /* Temporal.swift */; };
		025244A729C4827800BA7153 /* Vision.swift in Sources */ = {isa = PBXBuildFile; fileRef = 0252449829C4827800BA7153 /* Vision.swift */; };
		025244A829C4827800BA7153 /* Tokenizer.swift in Sources */ = {isa = PBXBuildFile; fileRef = 0252449929C4827800BA7153 /* Tokenizer.swift */; };
		025244A929C4827800BA7153 /* SlotCondition.swift in Sources */ = {isa = PBXBuildFile; fileRef = 0252449A29C4827800BA7153 /* SlotCondition.swift */; };
		025244AA29C4827800BA7153 /* BufferAction.swift in Sources */ = {isa = PBXBuildFile; fileRef = 0252449B29C4827800BA7153 /* BufferAction.swift */; };
		025244AB29C4827800BA7153 /* Support.swift in Sources */ = {isa = PBXBuildFile; fileRef = 0252449C29C4827800BA7153 /* Support.swift */; };
		025244AC29C4827800BA7153 /* Parser.swift in Sources */ = {isa = PBXBuildFile; fileRef = 0252449D29C4827800BA7153 /* Parser.swift */; };
		025244AD29C4827800BA7153 /* Declarative.swift in Sources */ = {isa = PBXBuildFile; fileRef = 0252449E29C4827800BA7153 /* Declarative.swift */; };
		025244AE29C4827800BA7153 /* Chunk.swift in Sources */ = {isa = PBXBuildFile; fileRef = 0252449F29C4827800BA7153 /* Chunk.swift */; };
		025244AF29C4827800BA7153 /* Production.swift in Sources */ = {isa = PBXBuildFile; fileRef = 025244A029C4827800BA7153 /* Production.swift */; };
		02BD82D429B3F30A0049B773 /* CM_SwiftApp.swift in Sources */ = {isa = PBXBuildFile; fileRef = 02BD82D329B3F30A0049B773 /* CM_SwiftApp.swift */; };
		02BD82D629B3F30A0049B773 /* ContentView.swift in Sources */ = {isa = PBXBuildFile; fileRef = 02BD82D529B3F30A0049B773 /* ContentView.swift */; };
		02BD82D829B3F30B0049B773 /* Assets.xcassets in Resources */ = {isa = PBXBuildFile; fileRef = 02BD82D729B3F30B0049B773 /* Assets.xcassets */; };
		02BD82DC29B3F30B0049B773 /* Preview Assets.xcassets in Resources */ = {isa = PBXBuildFile; fileRef = 02BD82DB29B3F30B0049B773 /* Preview Assets.xcassets */; };
		02BD82E629B3F30B0049B773 /* CM_SwiftTests.swift in Sources */ = {isa = PBXBuildFile; fileRef = 02BD82E529B3F30B0049B773 /* CM_SwiftTests.swift */; };
		02BD82F029B3F30B0049B773 /* CM_SwiftUITests.swift in Sources */ = {isa = PBXBuildFile; fileRef = 02BD82EF29B3F30B0049B773 /* CM_SwiftUITests.swift */; };
		02BD82F229B3F30B0049B773 /* CM_SwiftUITestsLaunchTests.swift in Sources */ = {isa = PBXBuildFile; fileRef = 02BD82F129B3F30B0049B773 /* CM_SwiftUITestsLaunchTests.swift */; };
		02BD82FF29B3F5EA0049B773 /* MindModel.swift in Sources */ = {isa = PBXBuildFile; fileRef = 02BD82FE29B3F5EA0049B773 /* MindModel.swift */; };
		02BD830129B3F5F70049B773 /* MindViewModel.swift in Sources */ = {isa = PBXBuildFile; fileRef = 02BD830029B3F5F70049B773 /* MindViewModel.swift */; };
/* End PBXBuildFile section */

/* Begin PBXContainerItemProxy section */
		02BD82E229B3F30B0049B773 /* PBXContainerItemProxy */ = {
			isa = PBXContainerItemProxy;
			containerPortal = 02BD82C829B3F30A0049B773 /* Project object */;
			proxyType = 1;
			remoteGlobalIDString = 02BD82CF29B3F30A0049B773;
			remoteInfo = "CM-Swift";
		};
		02BD82EC29B3F30B0049B773 /* PBXContainerItemProxy */ = {
			isa = PBXContainerItemProxy;
			containerPortal = 02BD82C829B3F30A0049B773 /* Project object */;
			proxyType = 1;
			remoteGlobalIDString = 02BD82CF29B3F30A0049B773;
			remoteInfo = "CM-Swift";
		};
/* End PBXContainerItemProxy section */

/* Begin PBXFileReference section */
		0252449229C4827800BA7153 /* SlotAction.swift */ = {isa = PBXFileReference; fileEncoding = 4; lastKnownFileType = sourcecode.swift; path = SlotAction.swift; sourceTree = "<group>"; };
		0252449329C4827800BA7153 /* BufferCondition.swift */ = {isa = PBXFileReference; fileEncoding = 4; lastKnownFileType = sourcecode.swift; path = BufferCondition.swift; sourceTree = "<group>"; };
		0252449429C4827800BA7153 /* Model.swift */ = {isa = PBXFileReference; fileEncoding = 4; lastKnownFileType = sourcecode.swift; path = Model.swift; sourceTree = "<group>"; };
		0252449529C4827800BA7153 /* Procedural.swift */ = {isa = PBXFileReference; fileEncoding = 4; lastKnownFileType = sourcecode.swift; path = Procedural.swift; sourceTree = "<group>"; };
		0252449629C4827800BA7153 /* Instantiation.swift */ = {isa = PBXFileReference; fileEncoding = 4; lastKnownFileType = sourcecode.swift; path = Instantiation.swift; sourceTree = "<group>"; };
		0252449729C4827800BA7153 /* Temporal.swift */ = {isa = PBXFileReference; fileEncoding = 4; lastKnownFileType = sourcecode.swift; path = Temporal.swift; sourceTree = "<group>"; };
		0252449829C4827800BA7153 /* Vision.swift */ = {isa = PBXFileReference; fileEncoding = 4; lastKnownFileType = sourcecode.swift; path = Vision.swift; sourceTree = "<group>"; };
		0252449929C4827800BA7153 /* Tokenizer.swift */ = {isa = PBXFileReference; fileEncoding = 4; lastKnownFileType = sourcecode.swift; path = Tokenizer.swift; sourceTree = "<group>"; };
		0252449A29C4827800BA7153 /* SlotCondition.swift */ = {isa = PBXFileReference; fileEncoding = 4; lastKnownFileType = sourcecode.swift; path = SlotCondition.swift; sourceTree = "<group>"; };
		0252449B29C4827800BA7153 /* BufferAction.swift */ = {isa = PBXFileReference; fileEncoding = 4; lastKnownFileType = sourcecode.swift; path = BufferAction.swift; sourceTree = "<group>"; };
		0252449C29C4827800BA7153 /* Support.swift */ = {isa = PBXFileReference; fileEncoding = 4; lastKnownFileType = sourcecode.swift; path = Support.swift; sourceTree = "<group>"; };
		0252449D29C4827800BA7153 /* Parser.swift */ = {isa = PBXFileReference; fileEncoding = 4; lastKnownFileType = sourcecode.swift; path = Parser.swift; sourceTree = "<group>"; };
		0252449E29C4827800BA7153 /* Declarative.swift */ = {isa = PBXFileReference; fileEncoding = 4; lastKnownFileType = sourcecode.swift; path = Declarative.swift; sourceTree = "<group>"; };
		0252449F29C4827800BA7153 /* Chunk.swift */ = {isa = PBXFileReference; fileEncoding = 4; lastKnownFileType = sourcecode.swift; path = Chunk.swift; sourceTree = "<group>"; };
		025244A029C4827800BA7153 /* Production.swift */ = {isa = PBXFileReference; fileEncoding = 4; lastKnownFileType = sourcecode.swift; path = Production.swift; sourceTree = "<group>"; };
		02BD82D029B3F30A0049B773 /* CM-Swift.app */ = {isa = PBXFileReference; explicitFileType = wrapper.application; includeInIndex = 0; path = "CM-Swift.app"; sourceTree = BUILT_PRODUCTS_DIR; };
		02BD82D329B3F30A0049B773 /* CM_SwiftApp.swift */ = {isa = PBXFileReference; lastKnownFileType = sourcecode.swift; path = CM_SwiftApp.swift; sourceTree = "<group>"; };
		02BD82D529B3F30A0049B773 /* ContentView.swift */ = {isa = PBXFileReference; lastKnownFileType = sourcecode.swift; path = ContentView.swift; sourceTree = "<group>"; };
		02BD82D729B3F30B0049B773 /* Assets.xcassets */ = {isa = PBXFileReference; lastKnownFileType = folder.assetcatalog; path = Assets.xcassets; sourceTree = "<group>"; };
		02BD82D929B3F30B0049B773 /* CM_Swift.entitlements */ = {isa = PBXFileReference; lastKnownFileType = text.plist.entitlements; path = CM_Swift.entitlements; sourceTree = "<group>"; };
		02BD82DB29B3F30B0049B773 /* Preview Assets.xcassets */ = {isa = PBXFileReference; lastKnownFileType = folder.assetcatalog; path = "Preview Assets.xcassets"; sourceTree = "<group>"; };
		02BD82E129B3F30B0049B773 /* CM-SwiftTests.xctest */ = {isa = PBXFileReference; explicitFileType = wrapper.cfbundle; includeInIndex = 0; path = "CM-SwiftTests.xctest"; sourceTree = BUILT_PRODUCTS_DIR; };
		02BD82E529B3F30B0049B773 /* CM_SwiftTests.swift */ = {isa = PBXFileReference; lastKnownFileType = sourcecode.swift; path = CM_SwiftTests.swift; sourceTree = "<group>"; };
		02BD82EB29B3F30B0049B773 /* CM-SwiftUITests.xctest */ = {isa = PBXFileReference; explicitFileType = wrapper.cfbundle; includeInIndex = 0; path = "CM-SwiftUITests.xctest"; sourceTree = BUILT_PRODUCTS_DIR; };
		02BD82EF29B3F30B0049B773 /* CM_SwiftUITests.swift */ = {isa = PBXFileReference; lastKnownFileType = sourcecode.swift; path = CM_SwiftUITests.swift; sourceTree = "<group>"; };
		02BD82F129B3F30B0049B773 /* CM_SwiftUITestsLaunchTests.swift */ = {isa = PBXFileReference; lastKnownFileType = sourcecode.swift; path = CM_SwiftUITestsLaunchTests.swift; sourceTree = "<group>"; };
		02BD82FE29B3F5EA0049B773 /* MindModel.swift */ = {isa = PBXFileReference; lastKnownFileType = sourcecode.swift; path = MindModel.swift; sourceTree = "<group>"; };
		02BD830029B3F5F70049B773 /* MindViewModel.swift */ = {isa = PBXFileReference; lastKnownFileType = sourcecode.swift; path = MindViewModel.swift; sourceTree = "<group>"; };
/* End PBXFileReference section */

/* Begin PBXFrameworksBuildPhase section */
		02BD82CD29B3F30A0049B773 /* Frameworks */ = {
			isa = PBXFrameworksBuildPhase;
			buildActionMask = 2147483647;
			files = (
			);
			runOnlyForDeploymentPostprocessing = 0;
		};
		02BD82DE29B3F30B0049B773 /* Frameworks */ = {
			isa = PBXFrameworksBuildPhase;
			buildActionMask = 2147483647;
			files = (
			);
			runOnlyForDeploymentPostprocessing = 0;
		};
		02BD82E829B3F30B0049B773 /* Frameworks */ = {
			isa = PBXFrameworksBuildPhase;
			buildActionMask = 2147483647;
			files = (
			);
			runOnlyForDeploymentPostprocessing = 0;
		};
/* End PBXFrameworksBuildPhase section */

/* Begin PBXGroup section */
		0252449129C4827800BA7153 /* ACT-R */ = {
			isa = PBXGroup;
			children = (
				0252449229C4827800BA7153 /* SlotAction.swift */,
				0252449329C4827800BA7153 /* BufferCondition.swift */,
				0252449429C4827800BA7153 /* Model.swift */,
				0252449529C4827800BA7153 /* Procedural.swift */,
				0252449629C4827800BA7153 /* Instantiation.swift */,
				0252449729C4827800BA7153 /* Temporal.swift */,
				0252449829C4827800BA7153 /* Vision.swift */,
				0252449929C4827800BA7153 /* Tokenizer.swift */,
				0252449A29C4827800BA7153 /* SlotCondition.swift */,
				0252449B29C4827800BA7153 /* BufferAction.swift */,
				0252449C29C4827800BA7153 /* Support.swift */,
				0252449D29C4827800BA7153 /* Parser.swift */,
				0252449E29C4827800BA7153 /* Declarative.swift */,
				0252449F29C4827800BA7153 /* Chunk.swift */,
				025244A029C4827800BA7153 /* Production.swift */,
			);
			path = "ACT-R";
			sourceTree = "<group>";
		};
		02BD82C729B3F30A0049B773 = {
			isa = PBXGroup;
			children = (
				02BD82D229B3F30A0049B773 /* CM-Swift */,
				02BD82E429B3F30B0049B773 /* CM-SwiftTests */,
				02BD82EE29B3F30B0049B773 /* CM-SwiftUITests */,
				02BD82D129B3F30A0049B773 /* Products */,
			);
			sourceTree = "<group>";
		};
		02BD82D129B3F30A0049B773 /* Products */ = {
			isa = PBXGroup;
			children = (
				02BD82D029B3F30A0049B773 /* CM-Swift.app */,
				02BD82E129B3F30B0049B773 /* CM-SwiftTests.xctest */,
				02BD82EB29B3F30B0049B773 /* CM-SwiftUITests.xctest */,
			);
			name = Products;
			sourceTree = "<group>";
		};
		02BD82D229B3F30A0049B773 /* CM-Swift */ = {
			isa = PBXGroup;
			children = (
				02BD830029B3F5F70049B773 /* MindViewModel.swift */,
				02BD82FE29B3F5EA0049B773 /* MindModel.swift */,
				02BD82D329B3F30A0049B773 /* CM_SwiftApp.swift */,
				02BD82D529B3F30A0049B773 /* ContentView.swift */,
				0252449129C4827800BA7153 /* ACT-R */,
				02BD82D729B3F30B0049B773 /* Assets.xcassets */,
				02BD82D929B3F30B0049B773 /* CM_Swift.entitlements */,
				02BD82DA29B3F30B0049B773 /* Preview Content */,
			);
			path = "CM-Swift";
			sourceTree = "<group>";
		};
		02BD82DA29B3F30B0049B773 /* Preview Content */ = {
			isa = PBXGroup;
			children = (
				02BD82DB29B3F30B0049B773 /* Preview Assets.xcassets */,
			);
			path = "Preview Content";
			sourceTree = "<group>";
		};
		02BD82E429B3F30B0049B773 /* CM-SwiftTests */ = {
			isa = PBXGroup;
			children = (
				02BD82E529B3F30B0049B773 /* CM_SwiftTests.swift */,
			);
			path = "CM-SwiftTests";
			sourceTree = "<group>";
		};
		02BD82EE29B3F30B0049B773 /* CM-SwiftUITests */ = {
			isa = PBXGroup;
			children = (
				02BD82EF29B3F30B0049B773 /* CM_SwiftUITests.swift */,
				02BD82F129B3F30B0049B773 /* CM_SwiftUITestsLaunchTests.swift */,
			);
			path = "CM-SwiftUITests";
			sourceTree = "<group>";
		};
/* End PBXGroup section */

/* Begin PBXNativeTarget section */
		02BD82CF29B3F30A0049B773 /* CM-Swift */ = {
			isa = PBXNativeTarget;
			buildConfigurationList = 02BD82F529B3F30B0049B773 /* Build configuration list for PBXNativeTarget "CM-Swift" */;
			buildPhases = (
				02BD82CC29B3F30A0049B773 /* Sources */,
				02BD82CD29B3F30A0049B773 /* Frameworks */,
				02BD82CE29B3F30A0049B773 /* Resources */,
			);
			buildRules = (
			);
			dependencies = (
			);
			name = "CM-Swift";
			productName = "CM-Swift";
			productReference = 02BD82D029B3F30A0049B773 /* CM-Swift.app */;
			productType = "com.apple.product-type.application";
		};
		02BD82E029B3F30B0049B773 /* CM-SwiftTests */ = {
			isa = PBXNativeTarget;
			buildConfigurationList = 02BD82F829B3F30B0049B773 /* Build configuration list for PBXNativeTarget "CM-SwiftTests" */;
			buildPhases = (
				02BD82DD29B3F30B0049B773 /* Sources */,
				02BD82DE29B3F30B0049B773 /* Frameworks */,
				02BD82DF29B3F30B0049B773 /* Resources */,
			);
			buildRules = (
			);
			dependencies = (
				02BD82E329B3F30B0049B773 /* PBXTargetDependency */,
			);
			name = "CM-SwiftTests";
			productName = "CM-SwiftTests";
			productReference = 02BD82E129B3F30B0049B773 /* CM-SwiftTests.xctest */;
			productType = "com.apple.product-type.bundle.unit-test";
		};
		02BD82EA29B3F30B0049B773 /* CM-SwiftUITests */ = {
			isa = PBXNativeTarget;
			buildConfigurationList = 02BD82FB29B3F30B0049B773 /* Build configuration list for PBXNativeTarget "CM-SwiftUITests" */;
			buildPhases = (
				02BD82E729B3F30B0049B773 /* Sources */,
				02BD82E829B3F30B0049B773 /* Frameworks */,
				02BD82E929B3F30B0049B773 /* Resources */,
			);
			buildRules = (
			);
			dependencies = (
				02BD82ED29B3F30B0049B773 /* PBXTargetDependency */,
			);
			name = "CM-SwiftUITests";
			productName = "CM-SwiftUITests";
			productReference = 02BD82EB29B3F30B0049B773 /* CM-SwiftUITests.xctest */;
			productType = "com.apple.product-type.bundle.ui-testing";
		};
/* End PBXNativeTarget section */

/* Begin PBXProject section */
		02BD82C829B3F30A0049B773 /* Project object */ = {
			isa = PBXProject;
			attributes = {
				BuildIndependentTargetsInParallel = 1;
				LastSwiftUpdateCheck = 1420;
				LastUpgradeCheck = 1420;
				TargetAttributes = {
					02BD82CF29B3F30A0049B773 = {
						CreatedOnToolsVersion = 14.2;
					};
					02BD82E029B3F30B0049B773 = {
						CreatedOnToolsVersion = 14.2;
						TestTargetID = 02BD82CF29B3F30A0049B773;
					};
					02BD82EA29B3F30B0049B773 = {
						CreatedOnToolsVersion = 14.2;
						TestTargetID = 02BD82CF29B3F30A0049B773;
					};
				};
			};
			buildConfigurationList = 02BD82CB29B3F30A0049B773 /* Build configuration list for PBXProject "CM-Swift" */;
			compatibilityVersion = "Xcode 14.0";
			developmentRegion = en;
			hasScannedForEncodings = 0;
			knownRegions = (
				en,
				Base,
			);
			mainGroup = 02BD82C729B3F30A0049B773;
			productRefGroup = 02BD82D129B3F30A0049B773 /* Products */;
			projectDirPath = "";
			projectRoot = "";
			targets = (
				02BD82CF29B3F30A0049B773 /* CM-Swift */,
				02BD82E029B3F30B0049B773 /* CM-SwiftTests */,
				02BD82EA29B3F30B0049B773 /* CM-SwiftUITests */,
			);
		};
/* End PBXProject section */

/* Begin PBXResourcesBuildPhase section */
		02BD82CE29B3F30A0049B773 /* Resources */ = {
			isa = PBXResourcesBuildPhase;
			buildActionMask = 2147483647;
			files = (
				02BD82DC29B3F30B0049B773 /* Preview Assets.xcassets in Resources */,
				02BD82D829B3F30B0049B773 /* Assets.xcassets in Resources */,
			);
			runOnlyForDeploymentPostprocessing = 0;
		};
		02BD82DF29B3F30B0049B773 /* Resources */ = {
			isa = PBXResourcesBuildPhase;
			buildActionMask = 2147483647;
			files = (
			);
			runOnlyForDeploymentPostprocessing = 0;
		};
		02BD82E929B3F30B0049B773 /* Resources */ = {
			isa = PBXResourcesBuildPhase;
			buildActionMask = 2147483647;
			files = (
			);
			runOnlyForDeploymentPostprocessing = 0;
		};
/* End PBXResourcesBuildPhase section */

/* Begin PBXSourcesBuildPhase section */
		02BD82CC29B3F30A0049B773 /* Sources */ = {
			isa = PBXSourcesBuildPhase;
			buildActionMask = 2147483647;
			files = (
				025244A329C4827800BA7153 /* Model.swift in Sources */,
				025244A829C4827800BA7153 /* Tokenizer.swift in Sources */,
				025244AF29C4827800BA7153 /* Production.swift in Sources */,
				025244A529C4827800BA7153 /* Instantiation.swift in Sources */,
				02BD82FF29B3F5EA0049B773 /* MindModel.swift in Sources */,
				025244AC29C4827800BA7153 /* Parser.swift in Sources */,
				02BD82D629B3F30A0049B773 /* ContentView.swift in Sources */,
				02BD830129B3F5F70049B773 /* MindViewModel.swift in Sources */,
				025244A429C4827800BA7153 /* Procedural.swift in Sources */,
				02BD82D429B3F30A0049B773 /* CM_SwiftApp.swift in Sources */,
				025244A129C4827800BA7153 /* SlotAction.swift in Sources */,
				025244A929C4827800BA7153 /* SlotCondition.swift in Sources */,
				025244A229C4827800BA7153 /* BufferCondition.swift in Sources */,
				025244AB29C4827800BA7153 /* Support.swift in Sources */,
				025244A629C4827800BA7153 /* Temporal.swift in Sources */,
				025244A729C4827800BA7153 /* Vision.swift in Sources */,
				025244AD29C4827800BA7153 /* Declarative.swift in Sources */,
				025244AA29C4827800BA7153 /* BufferAction.swift in Sources */,
				025244AE29C4827800BA7153 /* Chunk.swift in Sources */,
			);
			runOnlyForDeploymentPostprocessing = 0;
		};
		02BD82DD29B3F30B0049B773 /* Sources */ = {
			isa = PBXSourcesBuildPhase;
			buildActionMask = 2147483647;
			files = (
				02BD82E629B3F30B0049B773 /* CM_SwiftTests.swift in Sources */,
			);
			runOnlyForDeploymentPostprocessing = 0;
		};
		02BD82E729B3F30B0049B773 /* Sources */ = {
			isa = PBXSourcesBuildPhase;
			buildActionMask = 2147483647;
			files = (
				02BD82F229B3F30B0049B773 /* CM_SwiftUITestsLaunchTests.swift in Sources */,
				02BD82F029B3F30B0049B773 /* CM_SwiftUITests.swift in Sources */,
			);
			runOnlyForDeploymentPostprocessing = 0;
		};
/* End PBXSourcesBuildPhase section */

/* Begin PBXTargetDependency section */
		02BD82E329B3F30B0049B773 /* PBXTargetDependency */ = {
			isa = PBXTargetDependency;
			target = 02BD82CF29B3F30A0049B773 /* CM-Swift */;
			targetProxy = 02BD82E229B3F30B0049B773 /* PBXContainerItemProxy */;
		};
		02BD82ED29B3F30B0049B773 /* PBXTargetDependency */ = {
			isa = PBXTargetDependency;
			target = 02BD82CF29B3F30A0049B773 /* CM-Swift */;
			targetProxy = 02BD82EC29B3F30B0049B773 /* PBXContainerItemProxy */;
		};
/* End PBXTargetDependency section */

/* Begin XCBuildConfiguration section */
		02BD82F329B3F30B0049B773 /* Debug */ = {
			isa = XCBuildConfiguration;
			buildSettings = {
				ALWAYS_SEARCH_USER_PATHS = NO;
				CLANG_ANALYZER_NONNULL = YES;
				CLANG_ANALYZER_NUMBER_OBJECT_CONVERSION = YES_AGGRESSIVE;
				CLANG_CXX_LANGUAGE_STANDARD = "gnu++20";
				CLANG_ENABLE_MODULES = YES;
				CLANG_ENABLE_OBJC_ARC = YES;
				CLANG_ENABLE_OBJC_WEAK = YES;
				CLANG_WARN_BLOCK_CAPTURE_AUTORELEASING = YES;
				CLANG_WARN_BOOL_CONVERSION = YES;
				CLANG_WARN_COMMA = YES;
				CLANG_WARN_CONSTANT_CONVERSION = YES;
				CLANG_WARN_DEPRECATED_OBJC_IMPLEMENTATIONS = YES;
				CLANG_WARN_DIRECT_OBJC_ISA_USAGE = YES_ERROR;
				CLANG_WARN_DOCUMENTATION_COMMENTS = YES;
				CLANG_WARN_EMPTY_BODY = YES;
				CLANG_WARN_ENUM_CONVERSION = YES;
				CLANG_WARN_INFINITE_RECURSION = YES;
				CLANG_WARN_INT_CONVERSION = YES;
				CLANG_WARN_NON_LITERAL_NULL_CONVERSION = YES;
				CLANG_WARN_OBJC_IMPLICIT_RETAIN_SELF = YES;
				CLANG_WARN_OBJC_LITERAL_CONVERSION = YES;
				CLANG_WARN_OBJC_ROOT_CLASS = YES_ERROR;
				CLANG_WARN_QUOTED_INCLUDE_IN_FRAMEWORK_HEADER = YES;
				CLANG_WARN_RANGE_LOOP_ANALYSIS = YES;
				CLANG_WARN_STRICT_PROTOTYPES = YES;
				CLANG_WARN_SUSPICIOUS_MOVE = YES;
				CLANG_WARN_UNGUARDED_AVAILABILITY = YES_AGGRESSIVE;
				CLANG_WARN_UNREACHABLE_CODE = YES;
				CLANG_WARN__DUPLICATE_METHOD_MATCH = YES;
				COPY_PHASE_STRIP = NO;
				DEBUG_INFORMATION_FORMAT = dwarf;
				ENABLE_STRICT_OBJC_MSGSEND = YES;
				ENABLE_TESTABILITY = YES;
				GCC_C_LANGUAGE_STANDARD = gnu11;
				GCC_DYNAMIC_NO_PIC = NO;
				GCC_NO_COMMON_BLOCKS = YES;
				GCC_OPTIMIZATION_LEVEL = 0;
				GCC_PREPROCESSOR_DEFINITIONS = (
					"DEBUG=1",
					"$(inherited)",
				);
				GCC_WARN_64_TO_32_BIT_CONVERSION = YES;
				GCC_WARN_ABOUT_RETURN_TYPE = YES_ERROR;
				GCC_WARN_UNDECLARED_SELECTOR = YES;
				GCC_WARN_UNINITIALIZED_AUTOS = YES_AGGRESSIVE;
				GCC_WARN_UNUSED_FUNCTION = YES;
				GCC_WARN_UNUSED_VARIABLE = YES;
				MTL_ENABLE_DEBUG_INFO = INCLUDE_SOURCE;
				MTL_FAST_MATH = YES;
				ONLY_ACTIVE_ARCH = YES;
				SWIFT_ACTIVE_COMPILATION_CONDITIONS = DEBUG;
				SWIFT_OPTIMIZATION_LEVEL = "-Onone";
			};
			name = Debug;
		};
		02BD82F429B3F30B0049B773 /* Release */ = {
			isa = XCBuildConfiguration;
			buildSettings = {
				ALWAYS_SEARCH_USER_PATHS = NO;
				CLANG_ANALYZER_NONNULL = YES;
				CLANG_ANALYZER_NUMBER_OBJECT_CONVERSION = YES_AGGRESSIVE;
				CLANG_CXX_LANGUAGE_STANDARD = "gnu++20";
				CLANG_ENABLE_MODULES = YES;
				CLANG_ENABLE_OBJC_ARC = YES;
				CLANG_ENABLE_OBJC_WEAK = YES;
				CLANG_WARN_BLOCK_CAPTURE_AUTORELEASING = YES;
				CLANG_WARN_BOOL_CONVERSION = YES;
				CLANG_WARN_COMMA = YES;
				CLANG_WARN_CONSTANT_CONVERSION = YES;
				CLANG_WARN_DEPRECATED_OBJC_IMPLEMENTATIONS = YES;
				CLANG_WARN_DIRECT_OBJC_ISA_USAGE = YES_ERROR;
				CLANG_WARN_DOCUMENTATION_COMMENTS = YES;
				CLANG_WARN_EMPTY_BODY = YES;
				CLANG_WARN_ENUM_CONVERSION = YES;
				CLANG_WARN_INFINITE_RECURSION = YES;
				CLANG_WARN_INT_CONVERSION = YES;
				CLANG_WARN_NON_LITERAL_NULL_CONVERSION = YES;
				CLANG_WARN_OBJC_IMPLICIT_RETAIN_SELF = YES;
				CLANG_WARN_OBJC_LITERAL_CONVERSION = YES;
				CLANG_WARN_OBJC_ROOT_CLASS = YES_ERROR;
				CLANG_WARN_QUOTED_INCLUDE_IN_FRAMEWORK_HEADER = YES;
				CLANG_WARN_RANGE_LOOP_ANALYSIS = YES;
				CLANG_WARN_STRICT_PROTOTYPES = YES;
				CLANG_WARN_SUSPICIOUS_MOVE = YES;
				CLANG_WARN_UNGUARDED_AVAILABILITY = YES_AGGRESSIVE;
				CLANG_WARN_UNREACHABLE_CODE = YES;
				CLANG_WARN__DUPLICATE_METHOD_MATCH = YES;
				COPY_PHASE_STRIP = NO;
				DEBUG_INFORMATION_FORMAT = "dwarf-with-dsym";
				ENABLE_NS_ASSERTIONS = NO;
				ENABLE_STRICT_OBJC_MSGSEND = YES;
				GCC_C_LANGUAGE_STANDARD = gnu11;
				GCC_NO_COMMON_BLOCKS = YES;
				GCC_WARN_64_TO_32_BIT_CONVERSION = YES;
				GCC_WARN_ABOUT_RETURN_TYPE = YES_ERROR;
				GCC_WARN_UNDECLARED_SELECTOR = YES;
				GCC_WARN_UNINITIALIZED_AUTOS = YES_AGGRESSIVE;
				GCC_WARN_UNUSED_FUNCTION = YES;
				GCC_WARN_UNUSED_VARIABLE = YES;
				MTL_ENABLE_DEBUG_INFO = NO;
				MTL_FAST_MATH = YES;
				SWIFT_COMPILATION_MODE = wholemodule;
				SWIFT_OPTIMIZATION_LEVEL = "-O";
			};
			name = Release;
		};
		02BD82F629B3F30B0049B773 /* Debug */ = {
			isa = XCBuildConfiguration;
			buildSettings = {
				ASSETCATALOG_COMPILER_APPICON_NAME = AppIcon;
				ASSETCATALOG_COMPILER_GLOBAL_ACCENT_COLOR_NAME = AccentColor;
				CODE_SIGN_ENTITLEMENTS = "CM-Swift/CM_Swift.entitlements";
				CODE_SIGN_STYLE = Automatic;
				CURRENT_PROJECT_VERSION = 1;
				DEVELOPMENT_ASSET_PATHS = "\"CM-Swift/Preview Content\"";
				ENABLE_PREVIEWS = YES;
				GENERATE_INFOPLIST_FILE = YES;
				"INFOPLIST_KEY_UIApplicationSceneManifest_Generation[sdk=iphoneos*]" = YES;
				"INFOPLIST_KEY_UIApplicationSceneManifest_Generation[sdk=iphonesimulator*]" = YES;
				"INFOPLIST_KEY_UIApplicationSupportsIndirectInputEvents[sdk=iphoneos*]" = YES;
				"INFOPLIST_KEY_UIApplicationSupportsIndirectInputEvents[sdk=iphonesimulator*]" = YES;
				"INFOPLIST_KEY_UILaunchScreen_Generation[sdk=iphoneos*]" = YES;
				"INFOPLIST_KEY_UILaunchScreen_Generation[sdk=iphonesimulator*]" = YES;
				"INFOPLIST_KEY_UIStatusBarStyle[sdk=iphoneos*]" = UIStatusBarStyleDefault;
				"INFOPLIST_KEY_UIStatusBarStyle[sdk=iphonesimulator*]" = UIStatusBarStyleDefault;
				INFOPLIST_KEY_UISupportedInterfaceOrientations_iPad = "UIInterfaceOrientationPortrait UIInterfaceOrientationPortraitUpsideDown UIInterfaceOrientationLandscapeLeft UIInterfaceOrientationLandscapeRight";
				INFOPLIST_KEY_UISupportedInterfaceOrientations_iPhone = "UIInterfaceOrientationPortrait UIInterfaceOrientationLandscapeLeft UIInterfaceOrientationLandscapeRight";
				IPHONEOS_DEPLOYMENT_TARGET = 16.2;
				LD_RUNPATH_SEARCH_PATHS = "@executable_path/Frameworks";
				"LD_RUNPATH_SEARCH_PATHS[sdk=macosx*]" = "@executable_path/../Frameworks";
				MACOSX_DEPLOYMENT_TARGET = 13.1;
				MARKETING_VERSION = 1.0;
				PRODUCT_BUNDLE_IDENTIFIER = "Group01.CM-Swift";
				PRODUCT_NAME = "$(TARGET_NAME)";
				SDKROOT = auto;
				SUPPORTED_PLATFORMS = "iphoneos iphonesimulator macosx";
				SWIFT_EMIT_LOC_STRINGS = YES;
				SWIFT_VERSION = 5.0;
				TARGETED_DEVICE_FAMILY = "1,2";
			};
			name = Debug;
		};
		02BD82F729B3F30B0049B773 /* Release */ = {
			isa = XCBuildConfiguration;
			buildSettings = {
				ASSETCATALOG_COMPILER_APPICON_NAME = AppIcon;
				ASSETCATALOG_COMPILER_GLOBAL_ACCENT_COLOR_NAME = AccentColor;
				CODE_SIGN_ENTITLEMENTS = "CM-Swift/CM_Swift.entitlements";
				CODE_SIGN_STYLE = Automatic;
				CURRENT_PROJECT_VERSION = 1;
				DEVELOPMENT_ASSET_PATHS = "\"CM-Swift/Preview Content\"";
				ENABLE_PREVIEWS = YES;
				GENERATE_INFOPLIST_FILE = YES;
				"INFOPLIST_KEY_UIApplicationSceneManifest_Generation[sdk=iphoneos*]" = YES;
				"INFOPLIST_KEY_UIApplicationSceneManifest_Generation[sdk=iphonesimulator*]" = YES;
				"INFOPLIST_KEY_UIApplicationSupportsIndirectInputEvents[sdk=iphoneos*]" = YES;
				"INFOPLIST_KEY_UIApplicationSupportsIndirectInputEvents[sdk=iphonesimulator*]" = YES;
				"INFOPLIST_KEY_UILaunchScreen_Generation[sdk=iphoneos*]" = YES;
				"INFOPLIST_KEY_UILaunchScreen_Generation[sdk=iphonesimulator*]" = YES;
				"INFOPLIST_KEY_UIStatusBarStyle[sdk=iphoneos*]" = UIStatusBarStyleDefault;
				"INFOPLIST_KEY_UIStatusBarStyle[sdk=iphonesimulator*]" = UIStatusBarStyleDefault;
				INFOPLIST_KEY_UISupportedInterfaceOrientations_iPad = "UIInterfaceOrientationPortrait UIInterfaceOrientationPortraitUpsideDown UIInterfaceOrientationLandscapeLeft UIInterfaceOrientationLandscapeRight";
				INFOPLIST_KEY_UISupportedInterfaceOrientations_iPhone = "UIInterfaceOrientationPortrait UIInterfaceOrientationLandscapeLeft UIInterfaceOrientationLandscapeRight";
				IPHONEOS_DEPLOYMENT_TARGET = 16.2;
				LD_RUNPATH_SEARCH_PATHS = "@executable_path/Frameworks";
				"LD_RUNPATH_SEARCH_PATHS[sdk=macosx*]" = "@executable_path/../Frameworks";
				MACOSX_DEPLOYMENT_TARGET = 13.1;
				MARKETING_VERSION = 1.0;
				PRODUCT_BUNDLE_IDENTIFIER = "Group01.CM-Swift";
				PRODUCT_NAME = "$(TARGET_NAME)";
				SDKROOT = auto;
				SUPPORTED_PLATFORMS = "iphoneos iphonesimulator macosx";
				SWIFT_EMIT_LOC_STRINGS = YES;
				SWIFT_VERSION = 5.0;
				TARGETED_DEVICE_FAMILY = "1,2";
			};
			name = Release;
		};
		02BD82F929B3F30B0049B773 /* Debug */ = {
			isa = XCBuildConfiguration;
			buildSettings = {
				ALWAYS_EMBED_SWIFT_STANDARD_LIBRARIES = YES;
				BUNDLE_LOADER = "$(TEST_HOST)";
				CODE_SIGN_STYLE = Automatic;
				CURRENT_PROJECT_VERSION = 1;
				GENERATE_INFOPLIST_FILE = YES;
				IPHONEOS_DEPLOYMENT_TARGET = 16.2;
				MACOSX_DEPLOYMENT_TARGET = 13.1;
				MARKETING_VERSION = 1.0;
				PRODUCT_BUNDLE_IDENTIFIER = "Group01.CM-SwiftTests";
				PRODUCT_NAME = "$(TARGET_NAME)";
				SDKROOT = auto;
				SUPPORTED_PLATFORMS = "iphoneos iphonesimulator macosx";
				SWIFT_EMIT_LOC_STRINGS = NO;
				SWIFT_VERSION = 5.0;
				TARGETED_DEVICE_FAMILY = "1,2";
				TEST_HOST = "$(BUILT_PRODUCTS_DIR)/CM-Swift.app/$(BUNDLE_EXECUTABLE_FOLDER_PATH)/CM-Swift";
			};
			name = Debug;
		};
		02BD82FA29B3F30B0049B773 /* Release */ = {
			isa = XCBuildConfiguration;
			buildSettings = {
				ALWAYS_EMBED_SWIFT_STANDARD_LIBRARIES = YES;
				BUNDLE_LOADER = "$(TEST_HOST)";
				CODE_SIGN_STYLE = Automatic;
				CURRENT_PROJECT_VERSION = 1;
				GENERATE_INFOPLIST_FILE = YES;
				IPHONEOS_DEPLOYMENT_TARGET = 16.2;
				MACOSX_DEPLOYMENT_TARGET = 13.1;
				MARKETING_VERSION = 1.0;
				PRODUCT_BUNDLE_IDENTIFIER = "Group01.CM-SwiftTests";
				PRODUCT_NAME = "$(TARGET_NAME)";
				SDKROOT = auto;
				SUPPORTED_PLATFORMS = "iphoneos iphonesimulator macosx";
				SWIFT_EMIT_LOC_STRINGS = NO;
				SWIFT_VERSION = 5.0;
				TARGETED_DEVICE_FAMILY = "1,2";
				TEST_HOST = "$(BUILT_PRODUCTS_DIR)/CM-Swift.app/$(BUNDLE_EXECUTABLE_FOLDER_PATH)/CM-Swift";
			};
			name = Release;
		};
		02BD82FC29B3F30B0049B773 /* Debug */ = {
			isa = XCBuildConfiguration;
			buildSettings = {
				ALWAYS_EMBED_SWIFT_STANDARD_LIBRARIES = YES;
				CODE_SIGN_STYLE = Automatic;
				CURRENT_PROJECT_VERSION = 1;
				GENERATE_INFOPLIST_FILE = YES;
				IPHONEOS_DEPLOYMENT_TARGET = 16.2;
				MACOSX_DEPLOYMENT_TARGET = 13.1;
				MARKETING_VERSION = 1.0;
				PRODUCT_BUNDLE_IDENTIFIER = "Group01.CM-SwiftUITests";
				PRODUCT_NAME = "$(TARGET_NAME)";
				SDKROOT = auto;
				SUPPORTED_PLATFORMS = "iphoneos iphonesimulator macosx";
				SWIFT_EMIT_LOC_STRINGS = NO;
				SWIFT_VERSION = 5.0;
				TARGETED_DEVICE_FAMILY = "1,2";
				TEST_TARGET_NAME = "CM-Swift";
			};
			name = Debug;
		};
		02BD82FD29B3F30B0049B773 /* Release */ = {
			isa = XCBuildConfiguration;
			buildSettings = {
				ALWAYS_EMBED_SWIFT_STANDARD_LIBRARIES = YES;
				CODE_SIGN_STYLE = Automatic;
				CURRENT_PROJECT_VERSION = 1;
				GENERATE_INFOPLIST_FILE = YES;
				IPHONEOS_DEPLOYMENT_TARGET = 16.2;
				MACOSX_DEPLOYMENT_TARGET = 13.1;
				MARKETING_VERSION = 1.0;
				PRODUCT_BUNDLE_IDENTIFIER = "Group01.CM-SwiftUITests";
				PRODUCT_NAME = "$(TARGET_NAME)";
				SDKROOT = auto;
				SUPPORTED_PLATFORMS = "iphoneos iphonesimulator macosx";
				SWIFT_EMIT_LOC_STRINGS = NO;
				SWIFT_VERSION = 5.0;
				TARGETED_DEVICE_FAMILY = "1,2";
				TEST_TARGET_NAME = "CM-Swift";
			};
			name = Release;
		};
/* End XCBuildConfiguration section */

/* Begin XCConfigurationList section */
		02BD82CB29B3F30A0049B773 /* Build configuration list for PBXProject "CM-Swift" */ = {
			isa = XCConfigurationList;
			buildConfigurations = (
				02BD82F329B3F30B0049B773 /* Debug */,
				02BD82F429B3F30B0049B773 /* Release */,
			);
			defaultConfigurationIsVisible = 0;
			defaultConfigurationName = Release;
		};
		02BD82F529B3F30B0049B773 /* Build configuration list for PBXNativeTarget "CM-Swift" */ = {
			isa = XCConfigurationList;
			buildConfigurations = (
				02BD82F629B3F30B0049B773 /* Debug */,
				02BD82F729B3F30B0049B773 /* Release */,
			);
			defaultConfigurationIsVisible = 0;
			defaultConfigurationName = Release;
		};
		02BD82F829B3F30B0049B773 /* Build configuration list for PBXNativeTarget "CM-SwiftTests" */ = {
			isa = XCConfigurationList;
			buildConfigurations = (
				02BD82F929B3F30B0049B773 /* Debug */,
				02BD82FA29B3F30B0049B773 /* Release */,
			);
			defaultConfigurationIsVisible = 0;
			defaultConfigurationName = Release;
		};
		02BD82FB29B3F30B0049B773 /* Build configuration list for PBXNativeTarget "CM-SwiftUITests" */ = {
			isa = XCConfigurationList;
			buildConfigurations = (
				02BD82FC29B3F30B0049B773 /* Debug */,
				02BD82FD29B3F30B0049B773 /* Release */,
			);
			defaultConfigurationIsVisible = 0;
			defaultConfigurationName = Release;
		};
/* End XCConfigurationList section */
	};
	rootObject = 02BD82C829B3F30A0049B773 /* Project object */;
}
